{
  "name": "LogInAjax",
  "lockfileVersion": 2,
  "requires": true,
  "packages": {
    "": {
      "dependencies": {
        "ajax": "^0.0.4",
        "bootstrap": "^5.2.3",
        "datatables.net": "^1.13.1",
        "datatables.net-dt": "^1.13.1",
        "jquery": "^3.6.2"
      }
    },
    "node_modules/@popperjs/core": {
      "version": "2.11.6",
      "resolved": "https://registry.npmjs.org/@popperjs/core/-/core-2.11.6.tgz",
      "integrity": "sha512-50/17A98tWUfQ176raKiOGXuYpLyyVMkxxG6oylzL3BPOlA6ADGdK7EYunSa4I064xerltq9TGXs8HmOk5E+vw==",
      "peer": true,
      "funding": {
        "type": "opencollective",
        "url": "https://opencollective.com/popperjs"
      }
    },
    "node_modules/ajax": {
      "version": "0.0.4",
      "resolved": "https://registry.npmjs.org/ajax/-/ajax-0.0.4.tgz",
      "integrity": "sha512-IEgdnz67DKuv2i8AnytAYtD+sGNTpSlXcwQsZbKWVqdC/O7cuXN0GfwCuhi19fyhpD0Gl22T5amxd2unqj0FAQ==",
      "dependencies": {
        "underscore": ""
      },
      "engines": {
        "node": ">=0.4.0"
      }
    },
    "node_modules/bootstrap": {
      "version": "5.2.3",
      "resolved": "https://registry.npmjs.org/bootstrap/-/bootstrap-5.2.3.tgz",
      "integrity": "sha512-cEKPM+fwb3cT8NzQZYEu4HilJ3anCrWqh3CHAok1p9jXqMPsPTBhU25fBckEJHJ/p+tTxTFTsFQGM+gaHpi3QQ==",
      "funding": [
        {
          "type": "github",
          "url": "https://github.com/sponsors/twbs"
        },
        {
          "type": "opencollective",
          "url": "https://opencollective.com/bootstrap"
        }
      ],
      "peerDependencies": {
        "@popperjs/core": "^2.11.6"
      }
    },
    "node_modules/datatables.net": {
      "version": "1.13.1",
      "resolved": "https://registry.npmjs.org/datatables.net/-/datatables.net-1.13.1.tgz",
      "integrity": "sha512-cX5dDHsbVdLLYKsWOSE0MvuGUcV88zU5dZ/taK2puJV6F9Fw0CFsP3+U/kr+qpDSFOBLWISRyM4Q9wWWovPTNg==",
      "dependencies": {
        "jquery": ">=1.7"
      }
    },
    "node_modules/datatables.net-dt": {
      "version": "1.13.1",
      "resolved": "https://registry.npmjs.org/datatables.net-dt/-/datatables.net-dt-1.13.1.tgz",
      "integrity": "sha512-J5ul/Y+Hpyfh8y02DKwgbmUij4e4R6bstnx4iYvY7FV2b2XuCP0Qow/Uuc0gtxDHSz2bTsoeRHqg4teoGftVDg==",
      "dependencies": {
        "datatables.net": ">=1.12.1",
        "jquery": ">=1.7"
      }
    },
    "node_modules/jquery": {
      "version": "3.6.2",
      "resolved": "https://registry.npmjs.org/jquery/-/jquery-3.6.2.tgz",
      "integrity": "sha512-/e7ulNIEEYk1Z/l4X0vpxGt+B/dNsV8ghOPAWZaJs8pkGvsSC0tm33aMGylXcj/U7y4IcvwtMXPMyBFZn/gK9A=="
    },
    "node_modules/underscore": {
      "version": "1.13.6",
      "resolved": "https://registry.npmjs.org/underscore/-/underscore-1.13.6.tgz",
      "integrity": "sha512-+A5Sja4HP1M08MaXya7p5LvjuM7K6q/2EaC0+iovj/wOcMsTzMvDFbasi/oSapiwOlt252IqsKqPjCl7huKS0A=="
    }
  },
  "dependencies": {
    "@popperjs/core": {
      "version": "2.11.6",
      "resolved": "https://registry.npmjs.org/@popperjs/core/-/core-2.11.6.tgz",
      "integrity": "sha512-50/17A98tWUfQ176raKiOGXuYpLyyVMkxxG6oylzL3BPOlA6ADGdK7EYunSa4I064xerltq9TGXs8HmOk5E+vw==",
      "peer": true
    },
    "ajax": {
      "version": "0.0.4",
      "resolved": "https://registry.npmjs.org/ajax/-/ajax-0.0.4.tgz",
      "integrity": "sha512-IEgdnz67DKuv2i8AnytAYtD+sGNTpSlXcwQsZbKWVqdC/O7cuXN0GfwCuhi19fyhpD0Gl22T5amxd2unqj0FAQ==",
      "requires": {
        "underscore": ""
      }
    },
    "bootstrap": {
      "version": "5.2.3",
      "resolved": "https://registry.npmjs.org/bootstrap/-/bootstrap-5.2.3.tgz",
      "integrity": "sha512-cEKPM+fwb3cT8NzQZYEu4HilJ3anCrWqh3CHAok1p9jXqMPsPTBhU25fBckEJHJ/p+tTxTFTsFQGM+gaHpi3QQ==",
      "requires": {}
    },
    "datatables.net": {
      "version": "1.13.1",
      "resolved": "https://registry.npmjs.org/datatables.net/-/datatables.net-1.13.1.tgz",
      "integrity": "sha512-cX5dDHsbVdLLYKsWOSE0MvuGUcV88zU5dZ/taK2puJV6F9Fw0CFsP3+U/kr+qpDSFOBLWISRyM4Q9wWWovPTNg==",
      "requires": {
        "jquery": ">=1.7"
      }
    },
    "datatables.net-dt": {
      "version": "1.13.1",
      "resolved": "https://registry.npmjs.org/datatables.net-dt/-/datatables.net-dt-1.13.1.tgz",
      "integrity": "sha512-J5ul/Y+Hpyfh8y02DKwgbmUij4e4R6bstnx4iYvY7FV2b2XuCP0Qow/Uuc0gtxDHSz2bTsoeRHqg4teoGftVDg==",
      "requires": {
        "datatables.net": ">=1.12.1",
        "jquery": ">=1.7"
      }
    },
    "jquery": {
      "version": "3.6.2",
      "resolved": "https://registry.npmjs.org/jquery/-/jquery-3.6.2.tgz",
      "integrity": "sha512-/e7ulNIEEYk1Z/l4X0vpxGt+B/dNsV8ghOPAWZaJs8pkGvsSC0tm33aMGylXcj/U7y4IcvwtMXPMyBFZn/gK9A=="
    },
    "underscore": {
      "version": "1.13.6",
      "resolved": "https://registry.npmjs.org/underscore/-/underscore-1.13.6.tgz",
      "integrity": "sha512-+A5Sja4HP1M08MaXya7p5LvjuM7K6q/2EaC0+iovj/wOcMsTzMvDFbasi/oSapiwOlt252IqsKqPjCl7huKS0A=="
    }
  }
}
